
Microsoft Visual Studio Solution File, Format Version 12.00
# Visual Studio Version 17
VisualStudioVersion = 17.2.32616.157
MinimumVisualStudioVersion = 10.0.40219.1
Project("{FAE04EC0-301F-11D3-BF4B-00C04F79EFBC}") = "ReverseString", "ReverseString\ReverseString.csproj", "{D31495B4-01A5-4378-A9D6-01EED5C32A6F}"
EndProject
Global
	GlobalSection(SolutionConfigurationPlatforms) = preSolution
		Debug|Any CPU = Debug|Any CPU
		Release|Any CPU = Release|Any CPU
	EndGlobalSection
	GlobalSection(ProjectConfigurationPlatforms) = postSolution
		{D31495B4-01A5-4378-A9D6-01EED5C32A6F}.Debug|Any CPU.ActiveCfg = Debug|Any CPU
		{D31495B4-01A5-4378-A9D6-01EED5C32A6F}.Debug|Any CPU.Build.0 = Debug|Any CPU
		{D31495B4-01A5-4378-A9D6-01EED5C32A6F}.Release|Any CPU.ActiveCfg = Release|Any CPU
		{D31495B4-01A5-4378-A9D6-01EED5C32A6F}.Release|Any CPU.Build.0 = Release|Any CPU
	EndGlobalSection
	GlobalSection(SolutionProperties) = preSolution
		HideSolutionNode = FALSE
	EndGlobalSection
	GlobalSection(ExtensibilityGlobals) = postSolution
		SolutionGuid = {18817F10-FC60-46D7-9AC1-D05B52FA5C1E}
	EndGlobalSection
EndGlobal
